
Microsoft Visual Studio Solution File, Format Version 12.00
# Visual Studio Version 16
VisualStudioVersion = 16.0.30804.86
MinimumVisualStudioVersion = 10.0.40219.1
Project("{FAE04EC0-301F-11D3-BF4B-00C04F79EFBC}") = "kk_sms", "kk_sms\kk_sms.csproj", "{200A94B4-64DE-4A04-BEF2-F1B7D51044EE}"
EndProject
Global
	GlobalSection(SolutionConfigurationPlatforms) = preSolution
		Debug|Any CPU = Debug|Any CPU
		Release|Any CPU = Release|Any CPU
	EndGlobalSection
	GlobalSection(ProjectConfigurationPlatforms) = postSolution
		{200A94B4-64DE-4A04-BEF2-F1B7D51044EE}.Debug|Any CPU.ActiveCfg = Debug|Any CPU
		{200A94B4-64DE-4A04-BEF2-F1B7D51044EE}.Debug|Any CPU.Build.0 = Debug|Any CPU
		{200A94B4-64DE-4A04-BEF2-F1B7D51044EE}.Release|Any CPU.ActiveCfg = Release|Any CPU
		{200A94B4-64DE-4A04-BEF2-F1B7D51044EE}.Release|Any CPU.Build.0 = Release|Any CPU
	EndGlobalSection
	GlobalSection(SolutionProperties) = preSolution
		HideSolutionNode = FALSE
	EndGlobalSection
	GlobalSection(ExtensibilityGlobals) = postSolution
		SolutionGuid = {1AB480FD-EFF6-4ACD-93E4-993F8754691C}
	EndGlobalSection
EndGlobal
